
Microsoft Visual Studio Solution File, Format Version 12.00
# Visual Studio Version 17
VisualStudioVersion = 17.3.32922.545
MinimumVisualStudioVersion = 10.0.40219.1
Project("{9A19103F-16F7-4668-BE54-9A1E7A4F7556}") = "CartMicroservice", "src\CartMicroservice.csproj", "{9E1225DA-D1EE-4E5E-AD8D-BF85E1A497FC}"
EndProject
Project("{FAE04EC0-301F-11D3-BF4B-00C04F79EFBC}") = "tests", "tests\tests.csproj", "{06535563-BA34-447C-A688-57AB56D1832C}"
EndProject
Global
	GlobalSection(SolutionConfigurationPlatforms) = preSolution
		Debug|Any CPU = Debug|Any CPU
		Release|Any CPU = Release|Any CPU
	EndGlobalSection
	GlobalSection(ProjectConfigurationPlatforms) = postSolution
		{9E1225DA-D1EE-4E5E-AD8D-BF85E1A497FC}.Debug|Any CPU.ActiveCfg = Debug|Any CPU
		{9E1225DA-D1EE-4E5E-AD8D-BF85E1A497FC}.Debug|Any CPU.Build.0 = Debug|Any CPU
		{9E1225DA-D1EE-4E5E-AD8D-BF85E1A497FC}.Release|Any CPU.ActiveCfg = Release|Any CPU
		{9E1225DA-D1EE-4E5E-AD8D-BF85E1A497FC}.Release|Any CPU.Build.0 = Release|Any CPU
		{06535563-BA34-447C-A688-57AB56D1832C}.Debug|Any CPU.ActiveCfg = Debug|Any CPU
		{06535563-BA34-447C-A688-57AB56D1832C}.Debug|Any CPU.Build.0 = Debug|Any CPU
		{06535563-BA34-447C-A688-57AB56D1832C}.Release|Any CPU.ActiveCfg = Release|Any CPU
		{06535563-BA34-447C-A688-57AB56D1832C}.Release|Any CPU.Build.0 = Release|Any CPU
	EndGlobalSection
	GlobalSection(SolutionProperties) = preSolution
		HideSolutionNode = FALSE
	EndGlobalSection
	GlobalSection(ExtensibilityGlobals) = postSolution
		SolutionGuid = {99B2027E-4BA4-4AE7-9654-F4F9887857EC}
	EndGlobalSection
EndGlobal
